# THIS IS AN AUTOGENERATED FILE. DO NOT EDIT THIS FILE DIRECTLY.
# yarn lockfile v1


"@types/prop-types@*":
  version "15.7.8"
  resolved "https://registry.yarnpkg.com/@types/prop-types/-/prop-types-15.7.8.tgz#805eae6e8f41bd19e88917d2ea200dc992f405d3"
  integrity sha512-kMpQpfZKSCBqltAJwskgePRaYRFukDkm1oItcAbC3gNELR20XIBcN9VRgg4+m8DKsTfkWeA4m4Imp4DDuWy7FQ==

"@types/react@>=16.8.0":
  version "18.2.25"
  resolved "https://registry.yarnpkg.com/@types/react/-/react-18.2.25.tgz#99fa44154132979e870ff409dc5b6e67f06f0199"
  integrity sha512-24xqse6+VByVLIr+xWaQ9muX1B4bXJKXBbjszbld/UEDslGLY53+ZucF44HCmLbMPejTzGG9XgR+3m2/Wqu1kw==
  dependencies:
    "@types/prop-types" "*"
    "@types/scheduler" "*"
    csstype "^3.0.2"

"@types/scheduler@*":
  version "0.16.4"
  resolved "https://registry.yarnpkg.com/@types/scheduler/-/scheduler-0.16.4.tgz#fedc3e5b15c26dc18faae96bf1317487cb3658cf"
  integrity sha512-2L9ifAGl7wmXwP4v3pN4p2FLhD0O1qsJpvKmNin5VA8+UvNVb447UDaAEV6UdrkA+m/Xs58U1RFps44x6TFsVQ==

csstype@^3.0.2:
  version "3.1.2"
  resolved "https://registry.yarnpkg.com/csstype/-/csstype-3.1.2.tgz#1d4bf9d572f11c14031f0436e1c10bc1f571f50b"
  integrity sha512-I7K1Uu0MBPzaFKg4nI5Q7Vs2t+3gWWW648spaF+Rg7pI9ds18Ugn+lvg4SHczUdKlHI5LWBXyqfS8+DufyBsgQ==

"js-tokens@^3.0.0 || ^4.0.0":
  version "4.0.0"
  resolved "https://registry.yarnpkg.com/js-tokens/-/js-tokens-4.0.0.tgz#19203fb59991df98e3a287050d4647cdeaf32499"
  integrity sha512-RdJUflcE3cUzKiMqQgsCu06FPu9UdIJO0beYbPhHN4k6apgJtifcoCtT9bcxOpYBtpD2kCM6Sbzg4CausW/PKQ==

loose-envify@^1.1.0:
  version "1.4.0"
  resolved "https://registry.yarnpkg.com/loose-envify/-/loose-envify-1.4.0.tgz#71ee51fa7be4caec1a63839f7e682d8132d30caf"
  integrity sha512-lyuxPGr/Wfhrlem2CL/UcnUc1zcqKAImBDzukY7Y5F/yQiNdko6+fRLevlw1HgMySw7f611UIY408EtxRSoK3Q==
  dependencies:
    js-tokens "^3.0.0 || ^4.0.0"

react@>=16.8.0:
  version "18.2.0"
  resolved "https://registry.yarnpkg.com/react/-/react-18.2.0.tgz#555bd98592883255fa00de14f1151a917b5d77d5"
  integrity sha512-/3IjMdb2L9QbBdWiW5e3P2/npwMBaU9mHCSCUzNln0ZCYbcfTsGbTJrU/kGemdH2IWmB2ioZ+zkxtmq6g09fGQ==
  dependencies:
    loose-envify "^1.1.0"

"snapdrag@link:..":
  version "0.0.0"
  uid ""
